
Microsoft Visual Studio Solution File, Format Version 12.00
# Visual Studio Version 17
VisualStudioVersion = 17.14.36511.14 d17.14
MinimumVisualStudioVersion = 10.0.40219.1
Project("{8BC9CEB8-8B4A-11D0-8D11-00A0C91BC942}") = "lugou1", "lugou1\lugou1.vcxproj", "{BFD4EA44-4057-48BB-A4E2-4FDF732B3C96}"
EndProject
Global
	GlobalSection(SolutionConfigurationPlatforms) = preSolution
		Debug|x64 = Debug|x64
		Debug|x86 = Debug|x86
		Release|x64 = Release|x64
		Release|x86 = Release|x86
	EndGlobalSection
	GlobalSection(ProjectConfigurationPlatforms) = postSolution
		{BFD4EA44-4057-48BB-A4E2-4FDF732B3C96}.Debug|x64.ActiveCfg = Debug|x64
		{BFD4EA44-4057-48BB-A4E2-4FDF732B3C96}.Debug|x64.Build.0 = Debug|x64
		{BFD4EA44-4057-48BB-A4E2-4FDF732B3C96}.Debug|x86.ActiveCfg = Debug|Win32
		{BFD4EA44-4057-48BB-A4E2-4FDF732B3C96}.Debug|x86.Build.0 = Debug|Win32
		{BFD4EA44-4057-48BB-A4E2-4FDF732B3C96}.Release|x64.ActiveCfg = Release|x64
		{BFD4EA44-4057-48BB-A4E2-4FDF732B3C96}.Release|x64.Build.0 = Release|x64
		{BFD4EA44-4057-48BB-A4E2-4FDF732B3C96}.Release|x86.ActiveCfg = Release|Win32
		{BFD4EA44-4057-48BB-A4E2-4FDF732B3C96}.Release|x86.Build.0 = Release|Win32
	EndGlobalSection
	GlobalSection(SolutionProperties) = preSolution
		HideSolutionNode = FALSE
	EndGlobalSection
	GlobalSection(ExtensibilityGlobals) = postSolution
		SolutionGuid = {1032FA95-0F98-4E34-861A-436686B401D9}
	EndGlobalSection
EndGlobal
