
Microsoft Visual Studio Solution File, Format Version 12.00
# Visual Studio Version 17
VisualStudioVersion = 17.14.36511.14 d17.14
MinimumVisualStudioVersion = 10.0.40219.1
Project("{8BC9CEB8-8B4A-11D0-8D11-00A0C91BC942}") = "luogu2", "luogu2\luogu2.vcxproj", "{5D737948-62CE-4BA9-BABB-70C5B628C97B}"
EndProject
Global
	GlobalSection(SolutionConfigurationPlatforms) = preSolution
		Debug|x64 = Debug|x64
		Debug|x86 = Debug|x86
		Release|x64 = Release|x64
		Release|x86 = Release|x86
	EndGlobalSection
	GlobalSection(ProjectConfigurationPlatforms) = postSolution
		{5D737948-62CE-4BA9-BABB-70C5B628C97B}.Debug|x64.ActiveCfg = Debug|x64
		{5D737948-62CE-4BA9-BABB-70C5B628C97B}.Debug|x64.Build.0 = Debug|x64
		{5D737948-62CE-4BA9-BABB-70C5B628C97B}.Debug|x86.ActiveCfg = Debug|Win32
		{5D737948-62CE-4BA9-BABB-70C5B628C97B}.Debug|x86.Build.0 = Debug|Win32
		{5D737948-62CE-4BA9-BABB-70C5B628C97B}.Release|x64.ActiveCfg = Release|x64
		{5D737948-62CE-4BA9-BABB-70C5B628C97B}.Release|x64.Build.0 = Release|x64
		{5D737948-62CE-4BA9-BABB-70C5B628C97B}.Release|x86.ActiveCfg = Release|Win32
		{5D737948-62CE-4BA9-BABB-70C5B628C97B}.Release|x86.Build.0 = Release|Win32
	EndGlobalSection
	GlobalSection(SolutionProperties) = preSolution
		HideSolutionNode = FALSE
	EndGlobalSection
	GlobalSection(ExtensibilityGlobals) = postSolution
		SolutionGuid = {D6734A09-BAEE-4947-A9BC-9A2CDFD4164B}
	EndGlobalSection
EndGlobal
